
Microsoft Visual Studio Solution File, Format Version 12.00
# Visual Studio Version 17
VisualStudioVersion = 17.7.34003.232
MinimumVisualStudioVersion = 10.0.40219.1
Project("{FAE04EC0-301F-11D3-BF4B-00C04F79EFBC}") = "calculator", "calculator\calculator.csproj", "{F05EF08C-D32B-4149-8504-66CE7D6ED4DC}"
EndProject
Global
	GlobalSection(SolutionConfigurationPlatforms) = preSolution
		Debug|Any CPU = Debug|Any CPU
		Release|Any CPU = Release|Any CPU
	EndGlobalSection
	GlobalSection(ProjectConfigurationPlatforms) = postSolution
		{F05EF08C-D32B-4149-8504-66CE7D6ED4DC}.Debug|Any CPU.ActiveCfg = Debug|Any CPU
		{F05EF08C-D32B-4149-8504-66CE7D6ED4DC}.Debug|Any CPU.Build.0 = Debug|Any CPU
		{F05EF08C-D32B-4149-8504-66CE7D6ED4DC}.Release|Any CPU.ActiveCfg = Release|Any CPU
		{F05EF08C-D32B-4149-8504-66CE7D6ED4DC}.Release|Any CPU.Build.0 = Release|Any CPU
	EndGlobalSection
	GlobalSection(SolutionProperties) = preSolution
		HideSolutionNode = FALSE
	EndGlobalSection
	GlobalSection(ExtensibilityGlobals) = postSolution
		SolutionGuid = {FD1A118B-C9C6-47A5-9849-9587D7A86224}
	EndGlobalSection
EndGlobal
